
Microsoft Visual Studio Solution File, Format Version 12.00
Project("{FAE04EC0-301F-11D3-BF4B-00C04F79EFBC}") = "Api", "Api\Api.csproj", "{7CBCAE43-B353-439F-AB6B-51DC90DE9B50}"
EndProject
Project("{FAE04EC0-301F-11D3-BF4B-00C04F79EFBC}") = "Application", "Application\Application.csproj", "{30E3A53C-88DD-4058-9F81-5404C64DB872}"
EndProject
Project("{FAE04EC0-301F-11D3-BF4B-00C04F79EFBC}") = "Domain", "Domain\Domain.csproj", "{6461207B-11D0-4B80-80CC-0AF6DEA2C490}"
EndProject
Project("{FAE04EC0-301F-11D3-BF4B-00C04F79EFBC}") = "Infrastructure", "Infrastructure\Infrastructure.csproj", "{FD35F9A2-5B45-452C-ADA2-D38C3ABB001D}"
EndProject
Project("{FAE04EC0-301F-11D3-BF4B-00C04F79EFBC}") = "Presentation", "Presentation\Presentation.csproj", "{C4B3D592-60B8-484F-81AF-D9201447367B}"
EndProject
Global
	GlobalSection(SolutionConfigurationPlatforms) = preSolution
		Debug|Any CPU = Debug|Any CPU
		Release|Any CPU = Release|Any CPU
	EndGlobalSection
	GlobalSection(ProjectConfigurationPlatforms) = postSolution
		{7CBCAE43-B353-439F-AB6B-51DC90DE9B50}.Debug|Any CPU.ActiveCfg = Debug|Any CPU
		{7CBCAE43-B353-439F-AB6B-51DC90DE9B50}.Debug|Any CPU.Build.0 = Debug|Any CPU
		{7CBCAE43-B353-439F-AB6B-51DC90DE9B50}.Release|Any CPU.ActiveCfg = Release|Any CPU
		{7CBCAE43-B353-439F-AB6B-51DC90DE9B50}.Release|Any CPU.Build.0 = Release|Any CPU
		{30E3A53C-88DD-4058-9F81-5404C64DB872}.Debug|Any CPU.ActiveCfg = Debug|Any CPU
		{30E3A53C-88DD-4058-9F81-5404C64DB872}.Debug|Any CPU.Build.0 = Debug|Any CPU
		{30E3A53C-88DD-4058-9F81-5404C64DB872}.Release|Any CPU.ActiveCfg = Release|Any CPU
		{30E3A53C-88DD-4058-9F81-5404C64DB872}.Release|Any CPU.Build.0 = Release|Any CPU
		{6461207B-11D0-4B80-80CC-0AF6DEA2C490}.Debug|Any CPU.ActiveCfg = Debug|Any CPU
		{6461207B-11D0-4B80-80CC-0AF6DEA2C490}.Debug|Any CPU.Build.0 = Debug|Any CPU
		{6461207B-11D0-4B80-80CC-0AF6DEA2C490}.Release|Any CPU.ActiveCfg = Release|Any CPU
		{6461207B-11D0-4B80-80CC-0AF6DEA2C490}.Release|Any CPU.Build.0 = Release|Any CPU
		{FD35F9A2-5B45-452C-ADA2-D38C3ABB001D}.Debug|Any CPU.ActiveCfg = Debug|Any CPU
		{FD35F9A2-5B45-452C-ADA2-D38C3ABB001D}.Debug|Any CPU.Build.0 = Debug|Any CPU
		{FD35F9A2-5B45-452C-ADA2-D38C3ABB001D}.Release|Any CPU.ActiveCfg = Release|Any CPU
		{FD35F9A2-5B45-452C-ADA2-D38C3ABB001D}.Release|Any CPU.Build.0 = Release|Any CPU
		{C4B3D592-60B8-484F-81AF-D9201447367B}.Debug|Any CPU.ActiveCfg = Debug|Any CPU
		{C4B3D592-60B8-484F-81AF-D9201447367B}.Debug|Any CPU.Build.0 = Debug|Any CPU
		{C4B3D592-60B8-484F-81AF-D9201447367B}.Release|Any CPU.ActiveCfg = Release|Any CPU
		{C4B3D592-60B8-484F-81AF-D9201447367B}.Release|Any CPU.Build.0 = Release|Any CPU
	EndGlobalSection
EndGlobal
